
Microsoft Visual Studio Solution File, Format Version 12.00
# Visual Studio 15
VisualStudioVersion = 15.0.26730.15
MinimumVisualStudioVersion = 10.0.40219.1
Project("{FAE04EC0-301F-11D3-BF4B-00C04F79EFBC}") = "Products.Android", "Products\Products.Android\Products.Android.csproj", "{8BFA26F2-02DC-48E1-A832-CB55699D0893}"
EndProject
Project("{FAE04EC0-301F-11D3-BF4B-00C04F79EFBC}") = "Products", "Products\Products\Products.csproj", "{B4B8EFC3-0028-4288-B4E8-1E63712559C2}"
EndProject
Project("{FAE04EC0-301F-11D3-BF4B-00C04F79EFBC}") = "Products.UWP", "Products\Products.UWP\Products.UWP.csproj", "{2A41A6C2-4918-4EBA-8412-97BB4930997F}"
EndProject
Project("{FAE04EC0-301F-11D3-BF4B-00C04F79EFBC}") = "Products.iOS", "Products\Products.iOS\Products.iOS.csproj", "{3782AB4C-3FD6-4C3E-BC17-6CBB43BD4795}"
EndProject
Project("{FAE04EC0-301F-11D3-BF4B-00C04F79EFBC}") = "Products.Domain", "Products.Domain\Products.Domain.csproj", "{F0C23B90-627F-4313-92D4-6576C1DE9DC7}"
EndProject
Project("{FAE04EC0-301F-11D3-BF4B-00C04F79EFBC}") = "Products.Backend", "Products.Backend\Products.Backend.csproj", "{F1113396-6D92-4D41-8F09-806B6CC85445}"
EndProject
Project("{FAE04EC0-301F-11D3-BF4B-00C04F79EFBC}") = "Products.API", "Products.API\Products.API.csproj", "{4823B60D-072D-412E-9735-A047276804A1}"
EndProject
Global
	GlobalSection(SolutionConfigurationPlatforms) = preSolution
		Ad-Hoc|Any CPU = Ad-Hoc|Any CPU
		Ad-Hoc|ARM = Ad-Hoc|ARM
		Ad-Hoc|iPhone = Ad-Hoc|iPhone
		Ad-Hoc|iPhoneSimulator = Ad-Hoc|iPhoneSimulator
		Ad-Hoc|x64 = Ad-Hoc|x64
		Ad-Hoc|x86 = Ad-Hoc|x86
		AppStore|Any CPU = AppStore|Any CPU
		AppStore|ARM = AppStore|ARM
		AppStore|iPhone = AppStore|iPhone
		AppStore|iPhoneSimulator = AppStore|iPhoneSimulator
		AppStore|x64 = AppStore|x64
		AppStore|x86 = AppStore|x86
		Debug|Any CPU = Debug|Any CPU
		Debug|ARM = Debug|ARM
		Debug|iPhone = Debug|iPhone
		Debug|iPhoneSimulator = Debug|iPhoneSimulator
		Debug|x64 = Debug|x64
		Debug|x86 = Debug|x86
		Release|Any CPU = Release|Any CPU
		Release|ARM = Release|ARM
		Release|iPhone = Release|iPhone
		Release|iPhoneSimulator = Release|iPhoneSimulator
		Release|x64 = Release|x64
		Release|x86 = Release|x86
	EndGlobalSection
	GlobalSection(ProjectConfigurationPlatforms) = postSolution
		{8BFA26F2-02DC-48E1-A832-CB55699D0893}.Ad-Hoc|Any CPU.ActiveCfg = Release|Any CPU
		{8BFA26F2-02DC-48E1-A832-CB55699D0893}.Ad-Hoc|Any CPU.Build.0 = Release|Any CPU
		{8BFA26F2-02DC-48E1-A832-CB55699D0893}.Ad-Hoc|Any CPU.Deploy.0 = Release|Any CPU
		{8BFA26F2-02DC-48E1-A832-CB55699D0893}.Ad-Hoc|ARM.ActiveCfg = Release|Any CPU
		{8BFA26F2-02DC-48E1-A832-CB55699D0893}.Ad-Hoc|ARM.Build.0 = Release|Any CPU
		{8BFA26F2-02DC-48E1-A832-CB55699D0893}.Ad-Hoc|ARM.Deploy.0 = Release|Any CPU
		{8BFA26F2-02DC-48E1-A832-CB55699D0893}.Ad-Hoc|iPhone.ActiveCfg = Release|Any CPU
		{8BFA26F2-02DC-48E1-A832-CB55699D0893}.Ad-Hoc|iPhone.Build.0 = Release|Any CPU
		{8BFA26F2-02DC-48E1-A832-CB55699D0893}.Ad-Hoc|iPhone.Deploy.0 = Release|Any CPU
		{8BFA26F2-02DC-48E1-A832-CB55699D0893}.Ad-Hoc|iPhoneSimulator.ActiveCfg = Release|Any CPU
		{8BFA26F2-02DC-48E1-A832-CB55699D0893}.Ad-Hoc|iPhoneSimulator.Build.0 = Release|Any CPU
		{8BFA26F2-02DC-48E1-A832-CB55699D0893}.Ad-Hoc|iPhoneSimulator.Deploy.0 = Release|Any CPU
		{8BFA26F2-02DC-48E1-A832-CB55699D0893}.Ad-Hoc|x64.ActiveCfg = Release|Any CPU
		{8BFA26F2-02DC-48E1-A832-CB55699D0893}.Ad-Hoc|x64.Build.0 = Release|Any CPU
		{8BFA26F2-02DC-48E1-A832-CB55699D0893}.Ad-Hoc|x64.Deploy.0 = Release|Any CPU
		{8BFA26F2-02DC-48E1-A832-CB55699D0893}.Ad-Hoc|x86.ActiveCfg = Release|Any CPU
		{8BFA26F2-02DC-48E1-A832-CB55699D0893}.Ad-Hoc|x86.Build.0 = Release|Any CPU
		{8BFA26F2-02DC-48E1-A832-CB55699D0893}.Ad-Hoc|x86.Deploy.0 = Release|Any CPU
		{8BFA26F2-02DC-48E1-A832-CB55699D0893}.AppStore|Any CPU.ActiveCfg = Release|Any CPU
		{8BFA26F2-02DC-48E1-A832-CB55699D0893}.AppStore|Any CPU.Build.0 = Release|Any CPU
		{8BFA26F2-02DC-48E1-A832-CB55699D0893}.AppStore|Any CPU.Deploy.0 = Release|Any CPU
		{8BFA26F2-02DC-48E1-A832-CB55699D0893}.AppStore|ARM.ActiveCfg = Release|Any CPU
		{8BFA26F2-02DC-48E1-A832-CB55699D0893}.AppStore|ARM.Build.0 = Release|Any CPU
		{8BFA26F2-02DC-48E1-A832-CB55699D0893}.AppStore|ARM.Deploy.0 = Release|Any CPU
		{8BFA26F2-02DC-48E1-A832-CB55699D0893}.AppStore|iPhone.ActiveCfg = Release|Any CPU
		{8BFA26F2-02DC-48E1-A832-CB55699D0893}.AppStore|iPhone.Build.0 = Release|Any CPU
		{8BFA26F2-02DC-48E1-A832-CB55699D0893}.AppStore|iPhone.Deploy.0 = Release|Any CPU
		{8BFA26F2-02DC-48E1-A832-CB55699D0893}.AppStore|iPhoneSimulator.ActiveCfg = Release|Any CPU
		{8BFA26F2-02DC-48E1-A832-CB55699D0893}.AppStore|iPhoneSimulator.Build.0 = Release|Any CPU
		{8BFA26F2-02DC-48E1-A832-CB55699D0893}.AppStore|iPhoneSimulator.Deploy.0 = Release|Any CPU
		{8BFA26F2-02DC-48E1-A832-CB55699D0893}.AppStore|x64.ActiveCfg = Release|Any CPU
		{8BFA26F2-02DC-48E1-A832-CB55699D0893}.AppStore|x64.Build.0 = Release|Any CPU
		{8BFA26F2-02DC-48E1-A832-CB55699D0893}.AppStore|x64.Deploy.0 = Release|Any CPU
		{8BFA26F2-02DC-48E1-A832-CB55699D0893}.AppStore|x86.ActiveCfg = Release|Any CPU
		{8BFA26F2-02DC-48E1-A832-CB55699D0893}.AppStore|x86.Build.0 = Release|Any CPU
		{8BFA26F2-02DC-48E1-A832-CB55699D0893}.AppStore|x86.Deploy.0 = Release|Any CPU
		{8BFA26F2-02DC-48E1-A832-CB55699D0893}.Debug|Any CPU.ActiveCfg = Debug|Any CPU
		{8BFA26F2-02DC-48E1-A832-CB55699D0893}.Debug|Any CPU.Build.0 = Debug|Any CPU
		{8BFA26F2-02DC-48E1-A832-CB55699D0893}.Debug|Any CPU.Deploy.0 = Debug|Any CPU
		{8BFA26F2-02DC-48E1-A832-CB55699D0893}.Debug|ARM.ActiveCfg = Debug|Any CPU
		{8BFA26F2-02DC-48E1-A832-CB55699D0893}.Debug|ARM.Build.0 = Debug|Any CPU
		{8BFA26F2-02DC-48E1-A832-CB55699D0893}.Debug|ARM.Deploy.0 = Debug|Any CPU
		{8BFA26F2-02DC-48E1-A832-CB55699D0893}.Debug|iPhone.ActiveCfg = Debug|Any CPU
		{8BFA26F2-02DC-48E1-A832-CB55699D0893}.Debug|iPhone.Build.0 = Debug|Any CPU
		{8BFA26F2-02DC-48E1-A832-CB55699D0893}.Debug|iPhone.Deploy.0 = Debug|Any CPU
		{8BFA26F2-02DC-48E1-A832-CB55699D0893}.Debug|iPhoneSimulator.ActiveCfg = Debug|Any CPU
		{8BFA26F2-02DC-48E1-A832-CB55699D0893}.Debug|iPhoneSimulator.Build.0 = Debug|Any CPU
		{8BFA26F2-02DC-48E1-A832-CB55699D0893}.Debug|iPhoneSimulator.Deploy.0 = Debug|Any CPU
		{8BFA26F2-02DC-48E1-A832-CB55699D0893}.Debug|x64.ActiveCfg = Debug|Any CPU
		{8BFA26F2-02DC-48E1-A832-CB55699D0893}.Debug|x64.Build.0 = Debug|Any CPU
		{8BFA26F2-02DC-48E1-A832-CB55699D0893}.Debug|x64.Deploy.0 = Debug|Any CPU
		{8BFA26F2-02DC-48E1-A832-CB55699D0893}.Debug|x86.ActiveCfg = Debug|Any CPU
		{8BFA26F2-02DC-48E1-A832-CB55699D0893}.Debug|x86.Build.0 = Debug|Any CPU
		{8BFA26F2-02DC-48E1-A832-CB55699D0893}.Debug|x86.Deploy.0 = Debug|Any CPU
		{8BFA26F2-02DC-48E1-A832-CB55699D0893}.Release|Any CPU.ActiveCfg = Release|Any CPU
		{8BFA26F2-02DC-48E1-A832-CB55699D0893}.Release|Any CPU.Build.0 = Release|Any CPU
		{8BFA26F2-02DC-48E1-A832-CB55699D0893}.Release|Any CPU.Deploy.0 = Release|Any CPU
		{8BFA26F2-02DC-48E1-A832-CB55699D0893}.Release|ARM.ActiveCfg = Release|Any CPU
		{8BFA26F2-02DC-48E1-A832-CB55699D0893}.Release|ARM.Build.0 = Release|Any CPU
		{8BFA26F2-02DC-48E1-A832-CB55699D0893}.Release|ARM.Deploy.0 = Release|Any CPU
		{8BFA26F2-02DC-48E1-A832-CB55699D0893}.Release|iPhone.ActiveCfg = Release|Any CPU
		{8BFA26F2-02DC-48E1-A832-CB55699D0893}.Release|iPhone.Build.0 = Release|Any CPU
		{8BFA26F2-02DC-48E1-A832-CB55699D0893}.Release|iPhone.Deploy.0 = Release|Any CPU
		{8BFA26F2-02DC-48E1-A832-CB55699D0893}.Release|iPhoneSimulator.ActiveCfg = Release|Any CPU
		{8BFA26F2-02DC-48E1-A832-CB55699D0893}.Release|iPhoneSimulator.Build.0 = Release|Any CPU
		{8BFA26F2-02DC-48E1-A832-CB55699D0893}.Release|iPhoneSimulator.Deploy.0 = Release|Any CPU
		{8BFA26F2-02DC-48E1-A832-CB55699D0893}.Release|x64.ActiveCfg = Release|Any CPU
		{8BFA26F2-02DC-48E1-A832-CB55699D0893}.Release|x64.Build.0 = Release|Any CPU
		{8BFA26F2-02DC-48E1-A832-CB55699D0893}.Release|x64.Deploy.0 = Release|Any CPU
		{8BFA26F2-02DC-48E1-A832-CB55699D0893}.Release|x86.ActiveCfg = Release|Any CPU
		{8BFA26F2-02DC-48E1-A832-CB55699D0893}.Release|x86.Build.0 = Release|Any CPU
		{8BFA26F2-02DC-48E1-A832-CB55699D0893}.Release|x86.Deploy.0 = Release|Any CPU
		{B4B8EFC3-0028-4288-B4E8-1E63712559C2}.Ad-Hoc|Any CPU.ActiveCfg = Release|Any CPU
		{B4B8EFC3-0028-4288-B4E8-1E63712559C2}.Ad-Hoc|Any CPU.Build.0 = Release|Any CPU
		{B4B8EFC3-0028-4288-B4E8-1E63712559C2}.Ad-Hoc|ARM.ActiveCfg = Release|Any CPU
		{B4B8EFC3-0028-4288-B4E8-1E63712559C2}.Ad-Hoc|ARM.Build.0 = Release|Any CPU
		{B4B8EFC3-0028-4288-B4E8-1E63712559C2}.Ad-Hoc|iPhone.ActiveCfg = Release|Any CPU
		{B4B8EFC3-0028-4288-B4E8-1E63712559C2}.Ad-Hoc|iPhone.Build.0 = Release|Any CPU
		{B4B8EFC3-0028-4288-B4E8-1E63712559C2}.Ad-Hoc|iPhoneSimulator.ActiveCfg = Release|Any CPU
		{B4B8EFC3-0028-4288-B4E8-1E63712559C2}.Ad-Hoc|iPhoneSimulator.Build.0 = Release|Any CPU
		{B4B8EFC3-0028-4288-B4E8-1E63712559C2}.Ad-Hoc|x64.ActiveCfg = Release|Any CPU
		{B4B8EFC3-0028-4288-B4E8-1E63712559C2}.Ad-Hoc|x64.Build.0 = Release|Any CPU
		{B4B8EFC3-0028-4288-B4E8-1E63712559C2}.Ad-Hoc|x86.ActiveCfg = Release|Any CPU
		{B4B8EFC3-0028-4288-B4E8-1E63712559C2}.Ad-Hoc|x86.Build.0 = Release|Any CPU
		{B4B8EFC3-0028-4288-B4E8-1E63712559C2}.AppStore|Any CPU.ActiveCfg = Release|Any CPU
		{B4B8EFC3-0028-4288-B4E8-1E63712559C2}.AppStore|Any CPU.Build.0 = Release|Any CPU
		{B4B8EFC3-0028-4288-B4E8-1E63712559C2}.AppStore|ARM.ActiveCfg = Release|Any CPU
		{B4B8EFC3-0028-4288-B4E8-1E63712559C2}.AppStore|ARM.Build.0 = Release|Any CPU
		{B4B8EFC3-0028-4288-B4E8-1E63712559C2}.AppStore|iPhone.ActiveCfg = Release|Any CPU
		{B4B8EFC3-0028-4288-B4E8-1E63712559C2}.AppStore|iPhone.Build.0 = Release|Any CPU
		{B4B8EFC3-0028-4288-B4E8-1E63712559C2}.AppStore|iPhoneSimulator.ActiveCfg = Release|Any CPU
		{B4B8EFC3-0028-4288-B4E8-1E63712559C2}.AppStore|iPhoneSimulator.Build.0 = Release|Any CPU
		{B4B8EFC3-0028-4288-B4E8-1E63712559C2}.AppStore|x64.ActiveCfg = Release|Any CPU
		{B4B8EFC3-0028-4288-B4E8-1E63712559C2}.AppStore|x64.Build.0 = Release|Any CPU
		{B4B8EFC3-0028-4288-B4E8-1E63712559C2}.AppStore|x86.ActiveCfg = Release|Any CPU
		{B4B8EFC3-0028-4288-B4E8-1E63712559C2}.AppStore|x86.Build.0 = Release|Any CPU
		{B4B8EFC3-0028-4288-B4E8-1E63712559C2}.Debug|Any CPU.ActiveCfg = Debug|Any CPU
		{B4B8EFC3-0028-4288-B4E8-1E63712559C2}.Debug|Any CPU.Build.0 = Debug|Any CPU
		{B4B8EFC3-0028-4288-B4E8-1E63712559C2}.Debug|ARM.ActiveCfg = Debug|Any CPU
		{B4B8EFC3-0028-4288-B4E8-1E63712559C2}.Debug|ARM.Build.0 = Debug|Any CPU
		{B4B8EFC3-0028-4288-B4E8-1E63712559C2}.Debug|iPhone.ActiveCfg = Debug|Any CPU
		{B4B8EFC3-0028-4288-B4E8-1E63712559C2}.Debug|iPhone.Build.0 = Debug|Any CPU
		{B4B8EFC3-0028-4288-B4E8-1E63712559C2}.Debug|iPhoneSimulator.ActiveCfg = Debug|Any CPU
		{B4B8EFC3-0028-4288-B4E8-1E63712559C2}.Debug|iPhoneSimulator.Build.0 = Debug|Any CPU
		{B4B8EFC3-0028-4288-B4E8-1E63712559C2}.Debug|x64.ActiveCfg = Debug|Any CPU
		{B4B8EFC3-0028-4288-B4E8-1E63712559C2}.Debug|x64.Build.0 = Debug|Any CPU
		{B4B8EFC3-0028-4288-B4E8-1E63712559C2}.Debug|x86.ActiveCfg = Debug|Any CPU
		{B4B8EFC3-0028-4288-B4E8-1E63712559C2}.Debug|x86.Build.0 = Debug|Any CPU
		{B4B8EFC3-0028-4288-B4E8-1E63712559C2}.Release|Any CPU.ActiveCfg = Release|Any CPU
		{B4B8EFC3-0028-4288-B4E8-1E63712559C2}.Release|Any CPU.Build.0 = Release|Any CPU
		{B4B8EFC3-0028-4288-B4E8-1E63712559C2}.Release|ARM.ActiveCfg = Release|Any CPU
		{B4B8EFC3-0028-4288-B4E8-1E63712559C2}.Release|ARM.Build.0 = Release|Any CPU
		{B4B8EFC3-0028-4288-B4E8-1E63712559C2}.Release|iPhone.ActiveCfg = Release|Any CPU
		{B4B8EFC3-0028-4288-B4E8-1E63712559C2}.Release|iPhone.Build.0 = Release|Any CPU
		{B4B8EFC3-0028-4288-B4E8-1E63712559C2}.Release|iPhoneSimulator.ActiveCfg = Release|Any CPU
		{B4B8EFC3-0028-4288-B4E8-1E63712559C2}.Release|iPhoneSimulator.Build.0 = Release|Any CPU
		{B4B8EFC3-0028-4288-B4E8-1E63712559C2}.Release|x64.ActiveCfg = Release|Any CPU
		{B4B8EFC3-0028-4288-B4E8-1E63712559C2}.Release|x64.Build.0 = Release|Any CPU
		{B4B8EFC3-0028-4288-B4E8-1E63712559C2}.Release|x86.ActiveCfg = Release|Any CPU
		{B4B8EFC3-0028-4288-B4E8-1E63712559C2}.Release|x86.Build.0 = Release|Any CPU
		{2A41A6C2-4918-4EBA-8412-97BB4930997F}.Ad-Hoc|Any CPU.ActiveCfg = Release|x86
		{2A41A6C2-4918-4EBA-8412-97BB4930997F}.Ad-Hoc|Any CPU.Build.0 = Release|x86
		{2A41A6C2-4918-4EBA-8412-97BB4930997F}.Ad-Hoc|Any CPU.Deploy.0 = Release|x86
		{2A41A6C2-4918-4EBA-8412-97BB4930997F}.Ad-Hoc|ARM.ActiveCfg = Release|ARM
		{2A41A6C2-4918-4EBA-8412-97BB4930997F}.Ad-Hoc|ARM.Build.0 = Release|ARM
		{2A41A6C2-4918-4EBA-8412-97BB4930997F}.Ad-Hoc|ARM.Deploy.0 = Release|ARM
		{2A41A6C2-4918-4EBA-8412-97BB4930997F}.Ad-Hoc|iPhone.ActiveCfg = Release|x86
		{2A41A6C2-4918-4EBA-8412-97BB4930997F}.Ad-Hoc|iPhone.Build.0 = Release|x86
		{2A41A6C2-4918-4EBA-8412-97BB4930997F}.Ad-Hoc|iPhone.Deploy.0 = Release|x86
		{2A41A6C2-4918-4EBA-8412-97BB4930997F}.Ad-Hoc|iPhoneSimulator.ActiveCfg = Release|x86
		{2A41A6C2-4918-4EBA-8412-97BB4930997F}.Ad-Hoc|iPhoneSimulator.Build.0 = Release|x86
		{2A41A6C2-4918-4EBA-8412-97BB4930997F}.Ad-Hoc|iPhoneSimulator.Deploy.0 = Release|x86
		{2A41A6C2-4918-4EBA-8412-97BB4930997F}.Ad-Hoc|x64.ActiveCfg = Release|x64
		{2A41A6C2-4918-4EBA-8412-97BB4930997F}.Ad-Hoc|x64.Build.0 = Release|x64
		{2A41A6C2-4918-4EBA-8412-97BB4930997F}.Ad-Hoc|x64.Deploy.0 = Release|x64
		{2A41A6C2-4918-4EBA-8412-97BB4930997F}.Ad-Hoc|x86.ActiveCfg = Release|x86
		{2A41A6C2-4918-4EBA-8412-97BB4930997F}.Ad-Hoc|x86.Build.0 = Release|x86
		{2A41A6C2-4918-4EBA-8412-97BB4930997F}.Ad-Hoc|x86.Deploy.0 = Release|x86
		{2A41A6C2-4918-4EBA-8412-97BB4930997F}.AppStore|Any CPU.ActiveCfg = Release|x86
		{2A41A6C2-4918-4EBA-8412-97BB4930997F}.AppStore|Any CPU.Build.0 = Release|x86
		{2A41A6C2-4918-4EBA-8412-97BB4930997F}.AppStore|Any CPU.Deploy.0 = Release|x86
		{2A41A6C2-4918-4EBA-8412-97BB4930997F}.AppStore|ARM.ActiveCfg = Release|ARM
		{2A41A6C2-4918-4EBA-8412-97BB4930997F}.AppStore|ARM.Build.0 = Release|ARM
		{2A41A6C2-4918-4EBA-8412-97BB4930997F}.AppStore|ARM.Deploy.0 = Release|ARM
		{2A41A6C2-4918-4EBA-8412-97BB4930997F}.AppStore|iPhone.ActiveCfg = Release|x86
		{2A41A6C2-4918-4EBA-8412-97BB4930997F}.AppStore|iPhone.Build.0 = Release|x86
		{2A41A6C2-4918-4EBA-8412-97BB4930997F}.AppStore|iPhone.Deploy.0 = Release|x86
		{2A41A6C2-4918-4EBA-8412-97BB4930997F}.AppStore|iPhoneSimulator.ActiveCfg = Release|x86
		{2A41A6C2-4918-4EBA-8412-97BB4930997F}.AppStore|iPhoneSimulator.Build.0 = Release|x86
		{2A41A6C2-4918-4EBA-8412-97BB4930997F}.AppStore|iPhoneSimulator.Deploy.0 = Release|x86
		{2A41A6C2-4918-4EBA-8412-97BB4930997F}.AppStore|x64.ActiveCfg = Release|x64
		{2A41A6C2-4918-4EBA-8412-97BB4930997F}.AppStore|x64.Build.0 = Release|x64
		{2A41A6C2-4918-4EBA-8412-97BB4930997F}.AppStore|x64.Deploy.0 = Release|x64
		{2A41A6C2-4918-4EBA-8412-97BB4930997F}.AppStore|x86.ActiveCfg = Release|x86
		{2A41A6C2-4918-4EBA-8412-97BB4930997F}.AppStore|x86.Build.0 = Release|x86
		{2A41A6C2-4918-4EBA-8412-97BB4930997F}.AppStore|x86.Deploy.0 = Release|x86
		{2A41A6C2-4918-4EBA-8412-97BB4930997F}.Debug|Any CPU.ActiveCfg = Debug|x86
		{2A41A6C2-4918-4EBA-8412-97BB4930997F}.Debug|ARM.ActiveCfg = Debug|ARM
		{2A41A6C2-4918-4EBA-8412-97BB4930997F}.Debug|ARM.Build.0 = Debug|ARM
		{2A41A6C2-4918-4EBA-8412-97BB4930997F}.Debug|ARM.Deploy.0 = Debug|ARM
		{2A41A6C2-4918-4EBA-8412-97BB4930997F}.Debug|iPhone.ActiveCfg = Debug|x86
		{2A41A6C2-4918-4EBA-8412-97BB4930997F}.Debug|iPhoneSimulator.ActiveCfg = Debug|x86
		{2A41A6C2-4918-4EBA-8412-97BB4930997F}.Debug|x64.ActiveCfg = Debug|x64
		{2A41A6C2-4918-4EBA-8412-97BB4930997F}.Debug|x64.Build.0 = Debug|x64
		{2A41A6C2-4918-4EBA-8412-97BB4930997F}.Debug|x64.Deploy.0 = Debug|x64
		{2A41A6C2-4918-4EBA-8412-97BB4930997F}.Debug|x86.ActiveCfg = Debug|x86
		{2A41A6C2-4918-4EBA-8412-97BB4930997F}.Debug|x86.Build.0 = Debug|x86
		{2A41A6C2-4918-4EBA-8412-97BB4930997F}.Debug|x86.Deploy.0 = Debug|x86
		{2A41A6C2-4918-4EBA-8412-97BB4930997F}.Release|Any CPU.ActiveCfg = Release|x86
		{2A41A6C2-4918-4EBA-8412-97BB4930997F}.Release|ARM.ActiveCfg = Release|ARM
		{2A41A6C2-4918-4EBA-8412-97BB4930997F}.Release|ARM.Build.0 = Release|ARM
		{2A41A6C2-4918-4EBA-8412-97BB4930997F}.Release|ARM.Deploy.0 = Release|ARM
		{2A41A6C2-4918-4EBA-8412-97BB4930997F}.Release|iPhone.ActiveCfg = Release|x86
		{2A41A6C2-4918-4EBA-8412-97BB4930997F}.Release|iPhoneSimulator.ActiveCfg = Release|x86
		{2A41A6C2-4918-4EBA-8412-97BB4930997F}.Release|x64.ActiveCfg = Release|x64
		{2A41A6C2-4918-4EBA-8412-97BB4930997F}.Release|x64.Build.0 = Release|x64
		{2A41A6C2-4918-4EBA-8412-97BB4930997F}.Release|x64.Deploy.0 = Release|x64
		{2A41A6C2-4918-4EBA-8412-97BB4930997F}.Release|x86.ActiveCfg = Release|x86
		{2A41A6C2-4918-4EBA-8412-97BB4930997F}.Release|x86.Build.0 = Release|x86
		{2A41A6C2-4918-4EBA-8412-97BB4930997F}.Release|x86.Deploy.0 = Release|x86
		{3782AB4C-3FD6-4C3E-BC17-6CBB43BD4795}.Ad-Hoc|Any CPU.ActiveCfg = Ad-Hoc|iPhone
		{3782AB4C-3FD6-4C3E-BC17-6CBB43BD4795}.Ad-Hoc|ARM.ActiveCfg = Ad-Hoc|iPhone
		{3782AB4C-3FD6-4C3E-BC17-6CBB43BD4795}.Ad-Hoc|iPhone.ActiveCfg = Ad-Hoc|iPhone
		{3782AB4C-3FD6-4C3E-BC17-6CBB43BD4795}.Ad-Hoc|iPhone.Build.0 = Ad-Hoc|iPhone
		{3782AB4C-3FD6-4C3E-BC17-6CBB43BD4795}.Ad-Hoc|iPhoneSimulator.ActiveCfg = Ad-Hoc|iPhoneSimulator
		{3782AB4C-3FD6-4C3E-BC17-6CBB43BD4795}.Ad-Hoc|iPhoneSimulator.Build.0 = Ad-Hoc|iPhoneSimulator
		{3782AB4C-3FD6-4C3E-BC17-6CBB43BD4795}.Ad-Hoc|x64.ActiveCfg = Ad-Hoc|iPhone
		{3782AB4C-3FD6-4C3E-BC17-6CBB43BD4795}.Ad-Hoc|x86.ActiveCfg = Ad-Hoc|iPhone
		{3782AB4C-3FD6-4C3E-BC17-6CBB43BD4795}.AppStore|Any CPU.ActiveCfg = AppStore|iPhone
		{3782AB4C-3FD6-4C3E-BC17-6CBB43BD4795}.AppStore|ARM.ActiveCfg = AppStore|iPhone
		{3782AB4C-3FD6-4C3E-BC17-6CBB43BD4795}.AppStore|iPhone.ActiveCfg = AppStore|iPhone
		{3782AB4C-3FD6-4C3E-BC17-6CBB43BD4795}.AppStore|iPhone.Build.0 = AppStore|iPhone
		{3782AB4C-3FD6-4C3E-BC17-6CBB43BD4795}.AppStore|iPhoneSimulator.ActiveCfg = AppStore|iPhoneSimulator
		{3782AB4C-3FD6-4C3E-BC17-6CBB43BD4795}.AppStore|iPhoneSimulator.Build.0 = AppStore|iPhoneSimulator
		{3782AB4C-3FD6-4C3E-BC17-6CBB43BD4795}.AppStore|x64.ActiveCfg = AppStore|iPhone
		{3782AB4C-3FD6-4C3E-BC17-6CBB43BD4795}.AppStore|x86.ActiveCfg = AppStore|iPhone
		{3782AB4C-3FD6-4C3E-BC17-6CBB43BD4795}.Debug|Any CPU.ActiveCfg = Debug|iPhone
		{3782AB4C-3FD6-4C3E-BC17-6CBB43BD4795}.Debug|ARM.ActiveCfg = Debug|iPhone
		{3782AB4C-3FD6-4C3E-BC17-6CBB43BD4795}.Debug|iPhone.ActiveCfg = Debug|iPhone
		{3782AB4C-3FD6-4C3E-BC17-6CBB43BD4795}.Debug|iPhone.Build.0 = Debug|iPhone
		{3782AB4C-3FD6-4C3E-BC17-6CBB43BD4795}.Debug|iPhoneSimulator.ActiveCfg = Debug|iPhoneSimulator
		{3782AB4C-3FD6-4C3E-BC17-6CBB43BD4795}.Debug|iPhoneSimulator.Build.0 = Debug|iPhoneSimulator
		{3782AB4C-3FD6-4C3E-BC17-6CBB43BD4795}.Debug|x64.ActiveCfg = Debug|iPhone
		{3782AB4C-3FD6-4C3E-BC17-6CBB43BD4795}.Debug|x86.ActiveCfg = Debug|iPhone
		{3782AB4C-3FD6-4C3E-BC17-6CBB43BD4795}.Release|Any CPU.ActiveCfg = Release|iPhone
		{3782AB4C-3FD6-4C3E-BC17-6CBB43BD4795}.Release|ARM.ActiveCfg = Release|iPhone
		{3782AB4C-3FD6-4C3E-BC17-6CBB43BD4795}.Release|iPhone.ActiveCfg = Release|iPhone
		{3782AB4C-3FD6-4C3E-BC17-6CBB43BD4795}.Release|iPhone.Build.0 = Release|iPhone
		{3782AB4C-3FD6-4C3E-BC17-6CBB43BD4795}.Release|iPhoneSimulator.ActiveCfg = Release|iPhoneSimulator
		{3782AB4C-3FD6-4C3E-BC17-6CBB43BD4795}.Release|iPhoneSimulator.Build.0 = Release|iPhoneSimulator
		{3782AB4C-3FD6-4C3E-BC17-6CBB43BD4795}.Release|x64.ActiveCfg = Release|iPhone
		{3782AB4C-3FD6-4C3E-BC17-6CBB43BD4795}.Release|x86.ActiveCfg = Release|iPhone
		{F0C23B90-627F-4313-92D4-6576C1DE9DC7}.Ad-Hoc|Any CPU.ActiveCfg = Release|Any CPU
		{F0C23B90-627F-4313-92D4-6576C1DE9DC7}.Ad-Hoc|Any CPU.Build.0 = Release|Any CPU
		{F0C23B90-627F-4313-92D4-6576C1DE9DC7}.Ad-Hoc|ARM.ActiveCfg = Release|Any CPU
		{F0C23B90-627F-4313-92D4-6576C1DE9DC7}.Ad-Hoc|ARM.Build.0 = Release|Any CPU
		{F0C23B90-627F-4313-92D4-6576C1DE9DC7}.Ad-Hoc|iPhone.ActiveCfg = Release|Any CPU
		{F0C23B90-627F-4313-92D4-6576C1DE9DC7}.Ad-Hoc|iPhone.Build.0 = Release|Any CPU
		{F0C23B90-627F-4313-92D4-6576C1DE9DC7}.Ad-Hoc|iPhoneSimulator.ActiveCfg = Release|Any CPU
		{F0C23B90-627F-4313-92D4-6576C1DE9DC7}.Ad-Hoc|iPhoneSimulator.Build.0 = Release|Any CPU
		{F0C23B90-627F-4313-92D4-6576C1DE9DC7}.Ad-Hoc|x64.ActiveCfg = Release|Any CPU
		{F0C23B90-627F-4313-92D4-6576C1DE9DC7}.Ad-Hoc|x64.Build.0 = Release|Any CPU
		{F0C23B90-627F-4313-92D4-6576C1DE9DC7}.Ad-Hoc|x86.ActiveCfg = Release|Any CPU
		{F0C23B90-627F-4313-92D4-6576C1DE9DC7}.Ad-Hoc|x86.Build.0 = Release|Any CPU
		{F0C23B90-627F-4313-92D4-6576C1DE9DC7}.AppStore|Any CPU.ActiveCfg = Release|Any CPU
		{F0C23B90-627F-4313-92D4-6576C1DE9DC7}.AppStore|Any CPU.Build.0 = Release|Any CPU
		{F0C23B90-627F-4313-92D4-6576C1DE9DC7}.AppStore|ARM.ActiveCfg = Release|Any CPU
		{F0C23B90-627F-4313-92D4-6576C1DE9DC7}.AppStore|ARM.Build.0 = Release|Any CPU
		{F0C23B90-627F-4313-92D4-6576C1DE9DC7}.AppStore|iPhone.ActiveCfg = Release|Any CPU
		{F0C23B90-627F-4313-92D4-6576C1DE9DC7}.AppStore|iPhone.Build.0 = Release|Any CPU
		{F0C23B90-627F-4313-92D4-6576C1DE9DC7}.AppStore|iPhoneSimulator.ActiveCfg = Release|Any CPU
		{F0C23B90-627F-4313-92D4-6576C1DE9DC7}.AppStore|iPhoneSimulator.Build.0 = Release|Any CPU
		{F0C23B90-627F-4313-92D4-6576C1DE9DC7}.AppStore|x64.ActiveCfg = Release|Any CPU
		{F0C23B90-627F-4313-92D4-6576C1DE9DC7}.AppStore|x64.Build.0 = Release|Any CPU
		{F0C23B90-627F-4313-92D4-6576C1DE9DC7}.AppStore|x86.ActiveCfg = Release|Any CPU
		{F0C23B90-627F-4313-92D4-6576C1DE9DC7}.AppStore|x86.Build.0 = Release|Any CPU
		{F0C23B90-627F-4313-92D4-6576C1DE9DC7}.Debug|Any CPU.ActiveCfg = Debug|Any CPU
		{F0C23B90-627F-4313-92D4-6576C1DE9DC7}.Debug|Any CPU.Build.0 = Debug|Any CPU
		{F0C23B90-627F-4313-92D4-6576C1DE9DC7}.Debug|ARM.ActiveCfg = Debug|Any CPU
		{F0C23B90-627F-4313-92D4-6576C1DE9DC7}.Debug|ARM.Build.0 = Debug|Any CPU
		{F0C23B90-627F-4313-92D4-6576C1DE9DC7}.Debug|iPhone.ActiveCfg = Debug|Any CPU
		{F0C23B90-627F-4313-92D4-6576C1DE9DC7}.Debug|iPhone.Build.0 = Debug|Any CPU
		{F0C23B90-627F-4313-92D4-6576C1DE9DC7}.Debug|iPhoneSimulator.ActiveCfg = Debug|Any CPU
		{F0C23B90-627F-4313-92D4-6576C1DE9DC7}.Debug|iPhoneSimulator.Build.0 = Debug|Any CPU
		{F0C23B90-627F-4313-92D4-6576C1DE9DC7}.Debug|x64.ActiveCfg = Debug|Any CPU
		{F0C23B90-627F-4313-92D4-6576C1DE9DC7}.Debug|x64.Build.0 = Debug|Any CPU
		{F0C23B90-627F-4313-92D4-6576C1DE9DC7}.Debug|x86.ActiveCfg = Debug|Any CPU
		{F0C23B90-627F-4313-92D4-6576C1DE9DC7}.Debug|x86.Build.0 = Debug|Any CPU
		{F0C23B90-627F-4313-92D4-6576C1DE9DC7}.Release|Any CPU.ActiveCfg = Release|Any CPU
		{F0C23B90-627F-4313-92D4-6576C1DE9DC7}.Release|Any CPU.Build.0 = Release|Any CPU
		{F0C23B90-627F-4313-92D4-6576C1DE9DC7}.Release|ARM.ActiveCfg = Release|Any CPU
		{F0C23B90-627F-4313-92D4-6576C1DE9DC7}.Release|ARM.Build.0 = Release|Any CPU
		{F0C23B90-627F-4313-92D4-6576C1DE9DC7}.Release|iPhone.ActiveCfg = Release|Any CPU
		{F0C23B90-627F-4313-92D4-6576C1DE9DC7}.Release|iPhone.Build.0 = Release|Any CPU
		{F0C23B90-627F-4313-92D4-6576C1DE9DC7}.Release|iPhoneSimulator.ActiveCfg = Release|Any CPU
		{F0C23B90-627F-4313-92D4-6576C1DE9DC7}.Release|iPhoneSimulator.Build.0 = Release|Any CPU
		{F0C23B90-627F-4313-92D4-6576C1DE9DC7}.Release|x64.ActiveCfg = Release|Any CPU
		{F0C23B90-627F-4313-92D4-6576C1DE9DC7}.Release|x64.Build.0 = Release|Any CPU
		{F0C23B90-627F-4313-92D4-6576C1DE9DC7}.Release|x86.ActiveCfg = Release|Any CPU
		{F0C23B90-627F-4313-92D4-6576C1DE9DC7}.Release|x86.Build.0 = Release|Any CPU
		{F1113396-6D92-4D41-8F09-806B6CC85445}.Ad-Hoc|Any CPU.ActiveCfg = Release|Any CPU
		{F1113396-6D92-4D41-8F09-806B6CC85445}.Ad-Hoc|Any CPU.Build.0 = Release|Any CPU
		{F1113396-6D92-4D41-8F09-806B6CC85445}.Ad-Hoc|ARM.ActiveCfg = Release|Any CPU
		{F1113396-6D92-4D41-8F09-806B6CC85445}.Ad-Hoc|ARM.Build.0 = Release|Any CPU
		{F1113396-6D92-4D41-8F09-806B6CC85445}.Ad-Hoc|iPhone.ActiveCfg = Release|Any CPU
		{F1113396-6D92-4D41-8F09-806B6CC85445}.Ad-Hoc|iPhone.Build.0 = Release|Any CPU
		{F1113396-6D92-4D41-8F09-806B6CC85445}.Ad-Hoc|iPhoneSimulator.ActiveCfg = Release|Any CPU
		{F1113396-6D92-4D41-8F09-806B6CC85445}.Ad-Hoc|iPhoneSimulator.Build.0 = Release|Any CPU
		{F1113396-6D92-4D41-8F09-806B6CC85445}.Ad-Hoc|x64.ActiveCfg = Release|Any CPU
		{F1113396-6D92-4D41-8F09-806B6CC85445}.Ad-Hoc|x64.Build.0 = Release|Any CPU
		{F1113396-6D92-4D41-8F09-806B6CC85445}.Ad-Hoc|x86.ActiveCfg = Release|Any CPU
		{F1113396-6D92-4D41-8F09-806B6CC85445}.Ad-Hoc|x86.Build.0 = Release|Any CPU
		{F1113396-6D92-4D41-8F09-806B6CC85445}.AppStore|Any CPU.ActiveCfg = Release|Any CPU
		{F1113396-6D92-4D41-8F09-806B6CC85445}.AppStore|Any CPU.Build.0 = Release|Any CPU
		{F1113396-6D92-4D41-8F09-806B6CC85445}.AppStore|ARM.ActiveCfg = Release|Any CPU
		{F1113396-6D92-4D41-8F09-806B6CC85445}.AppStore|ARM.Build.0 = Release|Any CPU
		{F1113396-6D92-4D41-8F09-806B6CC85445}.AppStore|iPhone.ActiveCfg = Release|Any CPU
		{F1113396-6D92-4D41-8F09-806B6CC85445}.AppStore|iPhone.Build.0 = Release|Any CPU
		{F1113396-6D92-4D41-8F09-806B6CC85445}.AppStore|iPhoneSimulator.ActiveCfg = Release|Any CPU
		{F1113396-6D92-4D41-8F09-806B6CC85445}.AppStore|iPhoneSimulator.Build.0 = Release|Any CPU
		{F1113396-6D92-4D41-8F09-806B6CC85445}.AppStore|x64.ActiveCfg = Release|Any CPU
		{F1113396-6D92-4D41-8F09-806B6CC85445}.AppStore|x64.Build.0 = Release|Any CPU
		{F1113396-6D92-4D41-8F09-806B6CC85445}.AppStore|x86.ActiveCfg = Release|Any CPU
		{F1113396-6D92-4D41-8F09-806B6CC85445}.AppStore|x86.Build.0 = Release|Any CPU
		{F1113396-6D92-4D41-8F09-806B6CC85445}.Debug|Any CPU.ActiveCfg = Debug|Any CPU
		{F1113396-6D92-4D41-8F09-806B6CC85445}.Debug|Any CPU.Build.0 = Debug|Any CPU
		{F1113396-6D92-4D41-8F09-806B6CC85445}.Debug|ARM.ActiveCfg = Debug|Any CPU
		{F1113396-6D92-4D41-8F09-806B6CC85445}.Debug|ARM.Build.0 = Debug|Any CPU
		{F1113396-6D92-4D41-8F09-806B6CC85445}.Debug|iPhone.ActiveCfg = Debug|Any CPU
		{F1113396-6D92-4D41-8F09-806B6CC85445}.Debug|iPhone.Build.0 = Debug|Any CPU
		{F1113396-6D92-4D41-8F09-806B6CC85445}.Debug|iPhoneSimulator.ActiveCfg = Debug|Any CPU
		{F1113396-6D92-4D41-8F09-806B6CC85445}.Debug|iPhoneSimulator.Build.0 = Debug|Any CPU
		{F1113396-6D92-4D41-8F09-806B6CC85445}.Debug|x64.ActiveCfg = Debug|Any CPU
		{F1113396-6D92-4D41-8F09-806B6CC85445}.Debug|x64.Build.0 = Debug|Any CPU
		{F1113396-6D92-4D41-8F09-806B6CC85445}.Debug|x86.ActiveCfg = Debug|Any CPU
		{F1113396-6D92-4D41-8F09-806B6CC85445}.Debug|x86.Build.0 = Debug|Any CPU
		{F1113396-6D92-4D41-8F09-806B6CC85445}.Release|Any CPU.ActiveCfg = Release|Any CPU
		{F1113396-6D92-4D41-8F09-806B6CC85445}.Release|Any CPU.Build.0 = Release|Any CPU
		{F1113396-6D92-4D41-8F09-806B6CC85445}.Release|ARM.ActiveCfg = Release|Any CPU
		{F1113396-6D92-4D41-8F09-806B6CC85445}.Release|ARM.Build.0 = Release|Any CPU
		{F1113396-6D92-4D41-8F09-806B6CC85445}.Release|iPhone.ActiveCfg = Release|Any CPU
		{F1113396-6D92-4D41-8F09-806B6CC85445}.Release|iPhone.Build.0 = Release|Any CPU
		{F1113396-6D92-4D41-8F09-806B6CC85445}.Release|iPhoneSimulator.ActiveCfg = Release|Any CPU
		{F1113396-6D92-4D41-8F09-806B6CC85445}.Release|iPhoneSimulator.Build.0 = Release|Any CPU
		{F1113396-6D92-4D41-8F09-806B6CC85445}.Release|x64.ActiveCfg = Release|Any CPU
		{F1113396-6D92-4D41-8F09-806B6CC85445}.Release|x64.Build.0 = Release|Any CPU
		{F1113396-6D92-4D41-8F09-806B6CC85445}.Release|x86.ActiveCfg = Release|Any CPU
		{F1113396-6D92-4D41-8F09-806B6CC85445}.Release|x86.Build.0 = Release|Any CPU
		{4823B60D-072D-412E-9735-A047276804A1}.Ad-Hoc|Any CPU.ActiveCfg = Release|Any CPU
		{4823B60D-072D-412E-9735-A047276804A1}.Ad-Hoc|Any CPU.Build.0 = Release|Any CPU
		{4823B60D-072D-412E-9735-A047276804A1}.Ad-Hoc|ARM.ActiveCfg = Release|Any CPU
		{4823B60D-072D-412E-9735-A047276804A1}.Ad-Hoc|ARM.Build.0 = Release|Any CPU
		{4823B60D-072D-412E-9735-A047276804A1}.Ad-Hoc|iPhone.ActiveCfg = Release|Any CPU
		{4823B60D-072D-412E-9735-A047276804A1}.Ad-Hoc|iPhone.Build.0 = Release|Any CPU
		{4823B60D-072D-412E-9735-A047276804A1}.Ad-Hoc|iPhoneSimulator.ActiveCfg = Release|Any CPU
		{4823B60D-072D-412E-9735-A047276804A1}.Ad-Hoc|iPhoneSimulator.Build.0 = Release|Any CPU
		{4823B60D-072D-412E-9735-A047276804A1}.Ad-Hoc|x64.ActiveCfg = Release|Any CPU
		{4823B60D-072D-412E-9735-A047276804A1}.Ad-Hoc|x64.Build.0 = Release|Any CPU
		{4823B60D-072D-412E-9735-A047276804A1}.Ad-Hoc|x86.ActiveCfg = Release|Any CPU
		{4823B60D-072D-412E-9735-A047276804A1}.Ad-Hoc|x86.Build.0 = Release|Any CPU
		{4823B60D-072D-412E-9735-A047276804A1}.AppStore|Any CPU.ActiveCfg = Release|Any CPU
		{4823B60D-072D-412E-9735-A047276804A1}.AppStore|Any CPU.Build.0 = Release|Any CPU
		{4823B60D-072D-412E-9735-A047276804A1}.AppStore|ARM.ActiveCfg = Release|Any CPU
		{4823B60D-072D-412E-9735-A047276804A1}.AppStore|ARM.Build.0 = Release|Any CPU
		{4823B60D-072D-412E-9735-A047276804A1}.AppStore|iPhone.ActiveCfg = Release|Any CPU
		{4823B60D-072D-412E-9735-A047276804A1}.AppStore|iPhone.Build.0 = Release|Any CPU
		{4823B60D-072D-412E-9735-A047276804A1}.AppStore|iPhoneSimulator.ActiveCfg = Release|Any CPU
		{4823B60D-072D-412E-9735-A047276804A1}.AppStore|iPhoneSimulator.Build.0 = Release|Any CPU
		{4823B60D-072D-412E-9735-A047276804A1}.AppStore|x64.ActiveCfg = Release|Any CPU
		{4823B60D-072D-412E-9735-A047276804A1}.AppStore|x64.Build.0 = Release|Any CPU
		{4823B60D-072D-412E-9735-A047276804A1}.AppStore|x86.ActiveCfg = Release|Any CPU
		{4823B60D-072D-412E-9735-A047276804A1}.AppStore|x86.Build.0 = Release|Any CPU
		{4823B60D-072D-412E-9735-A047276804A1}.Debug|Any CPU.ActiveCfg = Debug|Any CPU
		{4823B60D-072D-412E-9735-A047276804A1}.Debug|Any CPU.Build.0 = Debug|Any CPU
		{4823B60D-072D-412E-9735-A047276804A1}.Debug|ARM.ActiveCfg = Debug|Any CPU
		{4823B60D-072D-412E-9735-A047276804A1}.Debug|ARM.Build.0 = Debug|Any CPU
		{4823B60D-072D-412E-9735-A047276804A1}.Debug|iPhone.ActiveCfg = Debug|Any CPU
		{4823B60D-072D-412E-9735-A047276804A1}.Debug|iPhone.Build.0 = Debug|Any CPU
		{4823B60D-072D-412E-9735-A047276804A1}.Debug|iPhoneSimulator.ActiveCfg = Debug|Any CPU
		{4823B60D-072D-412E-9735-A047276804A1}.Debug|iPhoneSimulator.Build.0 = Debug|Any CPU
		{4823B60D-072D-412E-9735-A047276804A1}.Debug|x64.ActiveCfg = Debug|Any CPU
		{4823B60D-072D-412E-9735-A047276804A1}.Debug|x64.Build.0 = Debug|Any CPU
		{4823B60D-072D-412E-9735-A047276804A1}.Debug|x86.ActiveCfg = Debug|Any CPU
		{4823B60D-072D-412E-9735-A047276804A1}.Debug|x86.Build.0 = Debug|Any CPU
		{4823B60D-072D-412E-9735-A047276804A1}.Release|Any CPU.ActiveCfg = Release|Any CPU
		{4823B60D-072D-412E-9735-A047276804A1}.Release|Any CPU.Build.0 = Release|Any CPU
		{4823B60D-072D-412E-9735-A047276804A1}.Release|ARM.ActiveCfg = Release|Any CPU
		{4823B60D-072D-412E-9735-A047276804A1}.Release|ARM.Build.0 = Release|Any CPU
		{4823B60D-072D-412E-9735-A047276804A1}.Release|iPhone.ActiveCfg = Release|Any CPU
		{4823B60D-072D-412E-9735-A047276804A1}.Release|iPhone.Build.0 = Release|Any CPU
		{4823B60D-072D-412E-9735-A047276804A1}.Release|iPhoneSimulator.ActiveCfg = Release|Any CPU
		{4823B60D-072D-412E-9735-A047276804A1}.Release|iPhoneSimulator.Build.0 = Release|Any CPU
		{4823B60D-072D-412E-9735-A047276804A1}.Release|x64.ActiveCfg = Release|Any CPU
		{4823B60D-072D-412E-9735-A047276804A1}.Release|x64.Build.0 = Release|Any CPU
		{4823B60D-072D-412E-9735-A047276804A1}.Release|x86.ActiveCfg = Release|Any CPU
		{4823B60D-072D-412E-9735-A047276804A1}.Release|x86.Build.0 = Release|Any CPU
	EndGlobalSection
	GlobalSection(SolutionProperties) = preSolution
		HideSolutionNode = FALSE
	EndGlobalSection
	GlobalSection(ExtensibilityGlobals) = postSolution
		SolutionGuid = {3BFF020F-09D2-4C24-96FB-0509C3352884}
	EndGlobalSection
EndGlobal
